Microsoft Visual Studio Solution File, Format Version 12.00
# Visual Studio Version 17
VisualStudioVersion = 17.5.2.0
MinimumVisualStudioVersion = 10.0.40219.1
Project("{FAE04EC0-301F-11D3-BF4B-00C04F79EFBC}") = "SmartUniversity", "SmartUniversity.csproj", "{4F6E6697-8AF0-D64D-FD08-8F4D99792F6B}"
EndProject
Global
	GlobalSection(SolutionConfigurationPlatforms) = preSolution
		Debug|Any CPU = Debug|Any CPU
		Release|Any CPU = Release|Any CPU
	EndGlobalSection
	GlobalSection(ProjectConfigurationPlatforms) = postSolution
		{4F6E6697-8AF0-D64D-FD08-8F4D99792F6B}.Debug|Any CPU.ActiveCfg = Debug|Any CPU
		{4F6E6697-8AF0-D64D-FD08-8F4D99792F6B}.Debug|Any CPU.Build.0 = Debug|Any CPU
		{4F6E6697-8AF0-D64D-FD08-8F4D99792F6B}.Release|Any CPU.ActiveCfg = Release|Any CPU
		{4F6E6697-8AF0-D64D-FD08-8F4D99792F6B}.Release|Any CPU.Build.0 = Release|Any CPU
	EndGlobalSection
	GlobalSection(SolutionProperties) = preSolution
		HideSolutionNode = FALSE
	EndGlobalSection
	GlobalSection(ExtensibilityGlobals) = postSolution
		SolutionGuid = {51AF95D6-2A80-496F-8D18-5CD4586730E3}
	EndGlobalSection
EndGlobal
